
Microsoft Visual Studio Solution File, Format Version 12.00
# Visual Studio Version 16
VisualStudioVersion = 16.0.29911.84
MinimumVisualStudioVersion = 10.0.40219.1
Project("{8BC9CEB8-8B4A-11D0-8D11-00A0C91BC942}") = "MinimalApp", "minimalApp\MinimalApp.vcxproj", "{53D08651-9D58-4362-BA3C-7028DFD463B8}"
EndProject
Project("{8BC9CEB8-8B4A-11D0-8D11-00A0C91BC942}") = "youtube_tutorial", "YoutubeExample\youtube_tutorial.vcxproj", "{C4CE9231-DFD6-4AAC-9EA2-38AF59CC8C05}"
EndProject
Project("{8BC9CEB8-8B4A-11D0-8D11-00A0C91BC942}") = "TraingleOpenGL", "TriangleOpenGL\TraingleOpenGL.vcxproj", "{CBE01E9C-5594-4D49-B292-F0CFF62C3B1A}"
EndProject
Project("{8BC9CEB8-8B4A-11D0-8D11-00A0C91BC942}") = "HelloShader", "HelloShader\HelloShader.vcxproj", "{B64A5FAB-35C8-446D-8156-700C5F3D39F9}"
EndProject
Project("{8BC9CEB8-8B4A-11D0-8D11-00A0C91BC942}") = "TextureMapping", "TextureMapping\TextureMapping.vcxproj", "{59D2EE85-5ADA-42B9-8B54-D0E3EB5032E2}"
EndProject
Project("{8BC9CEB8-8B4A-11D0-8D11-00A0C91BC942}") = "VirtualCamera1", "VirtualCamera1\VirtualCamera1.vcxproj", "{9BC486D8-731A-41F9-96A2-5B326C064435}"
EndProject
Project("{8BC9CEB8-8B4A-11D0-8D11-00A0C91BC942}") = "VirtualCamera2", "VirtualCamera2\VirtualCamera2.vcxproj", "{B137E26C-E076-4268-9EB3-9BF6EEB70589}"
EndProject
Project("{8BC9CEB8-8B4A-11D0-8D11-00A0C91BC942}") = "LoadObjModels", "LoadObjModels\LoadObjModels.vcxproj", "{0EC3B54D-38D0-4285-B4AF-427183738624}"
EndProject
Global
	GlobalSection(SolutionConfigurationPlatforms) = preSolution
		Debug|x64 = Debug|x64
		Debug|x86 = Debug|x86
		Release|x64 = Release|x64
		Release|x86 = Release|x86
	EndGlobalSection
	GlobalSection(ProjectConfigurationPlatforms) = postSolution
		{53D08651-9D58-4362-BA3C-7028DFD463B8}.Debug|x64.ActiveCfg = Debug|x64
		{53D08651-9D58-4362-BA3C-7028DFD463B8}.Debug|x64.Build.0 = Debug|x64
		{53D08651-9D58-4362-BA3C-7028DFD463B8}.Debug|x86.ActiveCfg = Debug|Win32
		{53D08651-9D58-4362-BA3C-7028DFD463B8}.Debug|x86.Build.0 = Debug|Win32
		{53D08651-9D58-4362-BA3C-7028DFD463B8}.Release|x64.ActiveCfg = Release|x64
		{53D08651-9D58-4362-BA3C-7028DFD463B8}.Release|x64.Build.0 = Release|x64
		{53D08651-9D58-4362-BA3C-7028DFD463B8}.Release|x86.ActiveCfg = Release|Win32
		{53D08651-9D58-4362-BA3C-7028DFD463B8}.Release|x86.Build.0 = Release|Win32
		{C4CE9231-DFD6-4AAC-9EA2-38AF59CC8C05}.Debug|x64.ActiveCfg = Debug|x64
		{C4CE9231-DFD6-4AAC-9EA2-38AF59CC8C05}.Debug|x64.Build.0 = Debug|x64
		{C4CE9231-DFD6-4AAC-9EA2-38AF59CC8C05}.Debug|x86.ActiveCfg = Debug|Win32
		{C4CE9231-DFD6-4AAC-9EA2-38AF59CC8C05}.Debug|x86.Build.0 = Debug|Win32
		{C4CE9231-DFD6-4AAC-9EA2-38AF59CC8C05}.Release|x64.ActiveCfg = Release|x64
		{C4CE9231-DFD6-4AAC-9EA2-38AF59CC8C05}.Release|x64.Build.0 = Release|x64
		{C4CE9231-DFD6-4AAC-9EA2-38AF59CC8C05}.Release|x86.ActiveCfg = Release|Win32
		{C4CE9231-DFD6-4AAC-9EA2-38AF59CC8C05}.Release|x86.Build.0 = Release|Win32
		{CBE01E9C-5594-4D49-B292-F0CFF62C3B1A}.Debug|x64.ActiveCfg = Debug|x64
		{CBE01E9C-5594-4D49-B292-F0CFF62C3B1A}.Debug|x64.Build.0 = Debug|x64
		{CBE01E9C-5594-4D49-B292-F0CFF62C3B1A}.Debug|x86.ActiveCfg = Debug|Win32
		{CBE01E9C-5594-4D49-B292-F0CFF62C3B1A}.Debug|x86.Build.0 = Debug|Win32
		{CBE01E9C-5594-4D49-B292-F0CFF62C3B1A}.Release|x64.ActiveCfg = Release|x64
		{CBE01E9C-5594-4D49-B292-F0CFF62C3B1A}.Release|x64.Build.0 = Release|x64
		{CBE01E9C-5594-4D49-B292-F0CFF62C3B1A}.Release|x86.ActiveCfg = Release|Win32
		{CBE01E9C-5594-4D49-B292-F0CFF62C3B1A}.Release|x86.Build.0 = Release|Win32
		{B64A5FAB-35C8-446D-8156-700C5F3D39F9}.Debug|x64.ActiveCfg = Debug|x64
		{B64A5FAB-35C8-446D-8156-700C5F3D39F9}.Debug|x64.Build.0 = Debug|x64
		{B64A5FAB-35C8-446D-8156-700C5F3D39F9}.Debug|x86.ActiveCfg = Debug|Win32
		{B64A5FAB-35C8-446D-8156-700C5F3D39F9}.Debug|x86.Build.0 = Debug|Win32
		{B64A5FAB-35C8-446D-8156-700C5F3D39F9}.Release|x64.ActiveCfg = Release|x64
		{B64A5FAB-35C8-446D-8156-700C5F3D39F9}.Release|x64.Build.0 = Release|x64
		{B64A5FAB-35C8-446D-8156-700C5F3D39F9}.Release|x86.ActiveCfg = Release|Win32
		{B64A5FAB-35C8-446D-8156-700C5F3D39F9}.Release|x86.Build.0 = Release|Win32
		{59D2EE85-5ADA-42B9-8B54-D0E3EB5032E2}.Debug|x64.ActiveCfg = Debug|x64
		{59D2EE85-5ADA-42B9-8B54-D0E3EB5032E2}.Debug|x64.Build.0 = Debug|x64
		{59D2EE85-5ADA-42B9-8B54-D0E3EB5032E2}.Debug|x86.ActiveCfg = Debug|Win32
		{59D2EE85-5ADA-42B9-8B54-D0E3EB5032E2}.Debug|x86.Build.0 = Debug|Win32
		{59D2EE85-5ADA-42B9-8B54-D0E3EB5032E2}.Release|x64.ActiveCfg = Release|x64
		{59D2EE85-5ADA-42B9-8B54-D0E3EB5032E2}.Release|x64.Build.0 = Release|x64
		{59D2EE85-5ADA-42B9-8B54-D0E3EB5032E2}.Release|x86.ActiveCfg = Release|Win32
		{59D2EE85-5ADA-42B9-8B54-D0E3EB5032E2}.Release|x86.Build.0 = Release|Win32
		{9BC486D8-731A-41F9-96A2-5B326C064435}.Debug|x64.ActiveCfg = Debug|x64
		{9BC486D8-731A-41F9-96A2-5B326C064435}.Debug|x64.Build.0 = Debug|x64
		{9BC486D8-731A-41F9-96A2-5B326C064435}.Debug|x86.ActiveCfg = Debug|Win32
		{9BC486D8-731A-41F9-96A2-5B326C064435}.Debug|x86.Build.0 = Debug|Win32
		{9BC486D8-731A-41F9-96A2-5B326C064435}.Release|x64.ActiveCfg = Release|x64
		{9BC486D8-731A-41F9-96A2-5B326C064435}.Release|x64.Build.0 = Release|x64
		{9BC486D8-731A-41F9-96A2-5B326C064435}.Release|x86.ActiveCfg = Release|Win32
		{9BC486D8-731A-41F9-96A2-5B326C064435}.Release|x86.Build.0 = Release|Win32
		{B137E26C-E076-4268-9EB3-9BF6EEB70589}.Debug|x64.ActiveCfg = Debug|x64
		{B137E26C-E076-4268-9EB3-9BF6EEB70589}.Debug|x64.Build.0 = Debug|x64
		{B137E26C-E076-4268-9EB3-9BF6EEB70589}.Debug|x86.ActiveCfg = Debug|Win32
		{B137E26C-E076-4268-9EB3-9BF6EEB70589}.Debug|x86.Build.0 = Debug|Win32
		{B137E26C-E076-4268-9EB3-9BF6EEB70589}.Release|x64.ActiveCfg = Release|x64
		{B137E26C-E076-4268-9EB3-9BF6EEB70589}.Release|x64.Build.0 = Release|x64
		{B137E26C-E076-4268-9EB3-9BF6EEB70589}.Release|x86.ActiveCfg = Release|Win32
		{B137E26C-E076-4268-9EB3-9BF6EEB70589}.Release|x86.Build.0 = Release|Win32
		{0EC3B54D-38D0-4285-B4AF-427183738624}.Debug|x64.ActiveCfg = Debug|x64
		{0EC3B54D-38D0-4285-B4AF-427183738624}.Debug|x64.Build.0 = Debug|x64
		{0EC3B54D-38D0-4285-B4AF-427183738624}.Debug|x86.ActiveCfg = Debug|Win32
		{0EC3B54D-38D0-4285-B4AF-427183738624}.Debug|x86.Build.0 = Debug|Win32
		{0EC3B54D-38D0-4285-B4AF-427183738624}.Release|x64.ActiveCfg = Release|x64
		{0EC3B54D-38D0-4285-B4AF-427183738624}.Release|x64.Build.0 = Release|x64
		{0EC3B54D-38D0-4285-B4AF-427183738624}.Release|x86.ActiveCfg = Release|Win32
		{0EC3B54D-38D0-4285-B4AF-427183738624}.Release|x86.Build.0 = Release|Win32
	EndGlobalSection
	GlobalSection(SolutionProperties) = preSolution
		HideSolutionNode = FALSE
	EndGlobalSection
	GlobalSection(ExtensibilityGlobals) = postSolution
		SolutionGuid = {D907A747-24E4-4157-B3D7-57611D9C9208}
	EndGlobalSection
EndGlobal
