<?xml version="1.0" encoding="utf-8"?>
<Project ToolsVersion="4.0" xmlns="http://schemas.microsoft.com/developer/msbuild/2003">
  <ItemGroup>
    <Filter Include="src">
      <UniqueIdentifier>{72ec584c-aca5-48ed-8bd1-eefc5b7467e2}</UniqueIdentifier>
    </Filter>
    <Filter Include="shaders">
      <UniqueIdentifier>{7f08dc56-5add-4d36-8f8b-b93f309d13a9}</UniqueIdentifier>
    </Filter>
  </ItemGroup>
  <ItemGroup>
    <ClCompile Include="src\main.cpp">
      <Filter>src</Filter>
    </ClCompile>
    <ClCompile Include="src\ShaderProgram.cpp">
      <Filter>src</Filter>
    </ClCompile>
    <ClCompile Include="src\Texture2D.cpp">
      <Filter>src</Filter>
    </ClCompile>
    <ClCompile Include="src\Camera.cpp">
      <Filter>src</Filter>
    </ClCompile>
    <ClCompile Include="src\Mesh.cpp">
      <Filter>src</Filter>
    </ClCompile>
  </ItemGroup>
  <ItemGroup>
    <ClInclude Include="src\ShaderProgram.h">
      <Filter>src</Filter>
    </ClInclude>
    <ClInclude Include="src\Texture2D.h">
      <Filter>src</Filter>
    </ClInclude>
    <ClInclude Include="src\Camera.h">
      <Filter>src</Filter>
    </ClInclude>
    <ClInclude Include="src\Mesh.h">
      <Filter>src</Filter>
    </ClInclude>
  </ItemGroup>
  <ItemGroup>
    <None Include="shaders\basic.vert">
      <Filter>shaders</Filter>
    </None>
    <None Include="shaders\basic.frag">
      <Filter>shaders</Filter>
    </None>
  </ItemGroup>
</Project>